
Microsoft Visual Studio Solution File, Format Version 12.00
# Visual Studio Version 16
VisualStudioVersion = 16.0.30717.126
MinimumVisualStudioVersion = 10.0.40219.1
Project("{FAE04EC0-301F-11D3-BF4B-00C04F79EFBC}") = "MyGameDay", "MyGameDay\MyGameDay.csproj", "{88422BB9-B88F-4AA5-959A-5C89A8C2199A}"
EndProject
Global
	GlobalSection(SolutionConfigurationPlatforms) = preSolution
		Debug|Any CPU = Debug|Any CPU
		Release|Any CPU = Release|Any CPU
	EndGlobalSection
	GlobalSection(ProjectConfigurationPlatforms) = postSolution
		{88422BB9-B88F-4AA5-959A-5C89A8C2199A}.Debug|Any CPU.ActiveCfg = Debug|Any CPU
		{88422BB9-B88F-4AA5-959A-5C89A8C2199A}.Debug|Any CPU.Build.0 = Debug|Any CPU
		{88422BB9-B88F-4AA5-959A-5C89A8C2199A}.Release|Any CPU.ActiveCfg = Release|Any CPU
		{88422BB9-B88F-4AA5-959A-5C89A8C2199A}.Release|Any CPU.Build.0 = Release|Any CPU
	EndGlobalSection
	GlobalSection(SolutionProperties) = preSolution
		HideSolutionNode = FALSE
	EndGlobalSection
	GlobalSection(ExtensibilityGlobals) = postSolution
		SolutionGuid = {36362B0E-F40E-42CA-94DB-EBB92EB5329D}
	EndGlobalSection
EndGlobal
